
Microsoft Visual Studio Solution File, Format Version 12.00
# Visual Studio Version 16
VisualStudioVersion = 16.0.29326.143
MinimumVisualStudioVersion = 10.0.40219.1
Project("{8BC9CEB8-8B4A-11D0-8D11-00A0C91BC942}") = "RaspiTest", "RaspiTest\RaspiTest.vcxproj", "{E6418C5D-1251-4459-A669-AF5E66AA5A0A}"
EndProject
Project("{8BC9CEB8-8B4A-11D0-8D11-00A0C91BC942}") = "Shared_Files", "Shared_Files\Shared_Files.vcxitems", "{CD9366BF-4993-415D-9D32-87997C2D6F78}"
EndProject
Project("{8BC9CEB8-8B4A-11D0-8D11-00A0C91BC942}") = "RPi_Driver", "RPi_Driver\RPi_Driver.vcxproj", "{5822A551-BDCC-4BAE-8E32-AFE08EADE65F}"
EndProject
Project("{8BC9CEB8-8B4A-11D0-8D11-00A0C91BC942}") = "MakeRaspiCV", "MakeRaspiCV\MakeRaspiCV.vcxproj", "{AB6FBEF3-27FF-4375-A839-BED75DDC0009}"
EndProject
Global
	GlobalSection(SharedMSBuildProjectFiles) = preSolution
		Shared_Files\Shared_Files.vcxitems*{5822a551-bdcc-4bae-8e32-afe08eade65f}*SharedItemsImports = 4
		Shared_Files\Shared_Files.vcxitems*{cd9366bf-4993-415d-9d32-87997c2d6f78}*SharedItemsImports = 9
		Shared_Files\Shared_Files.vcxitems*{e6418c5d-1251-4459-a669-af5e66aa5a0a}*SharedItemsImports = 4
	EndGlobalSection
	GlobalSection(SolutionConfigurationPlatforms) = preSolution
		Debug|ARM = Debug|ARM
		Debug|ARM64 = Debug|ARM64
		Debug|x64 = Debug|x64
		Debug|x86 = Debug|x86
		Release|ARM = Release|ARM
		Release|ARM64 = Release|ARM64
		Release|x64 = Release|x64
		Release|x86 = Release|x86
	EndGlobalSection
	GlobalSection(ProjectConfigurationPlatforms) = postSolution
		{E6418C5D-1251-4459-A669-AF5E66AA5A0A}.Debug|ARM.ActiveCfg = Debug|Win32
		{E6418C5D-1251-4459-A669-AF5E66AA5A0A}.Debug|ARM64.ActiveCfg = Debug|Win32
		{E6418C5D-1251-4459-A669-AF5E66AA5A0A}.Debug|x64.ActiveCfg = Debug|x64
		{E6418C5D-1251-4459-A669-AF5E66AA5A0A}.Debug|x64.Build.0 = Debug|x64
		{E6418C5D-1251-4459-A669-AF5E66AA5A0A}.Debug|x86.ActiveCfg = Debug|Win32
		{E6418C5D-1251-4459-A669-AF5E66AA5A0A}.Debug|x86.Build.0 = Debug|Win32
		{E6418C5D-1251-4459-A669-AF5E66AA5A0A}.Release|ARM.ActiveCfg = Release|Win32
		{E6418C5D-1251-4459-A669-AF5E66AA5A0A}.Release|ARM64.ActiveCfg = Release|Win32
		{E6418C5D-1251-4459-A669-AF5E66AA5A0A}.Release|x64.ActiveCfg = Release|x64
		{E6418C5D-1251-4459-A669-AF5E66AA5A0A}.Release|x64.Build.0 = Release|x64
		{E6418C5D-1251-4459-A669-AF5E66AA5A0A}.Release|x86.ActiveCfg = Release|Win32
		{E6418C5D-1251-4459-A669-AF5E66AA5A0A}.Release|x86.Build.0 = Release|Win32
		{5822A551-BDCC-4BAE-8E32-AFE08EADE65F}.Debug|ARM.ActiveCfg = Debug|ARM
		{5822A551-BDCC-4BAE-8E32-AFE08EADE65F}.Debug|ARM.Build.0 = Debug|ARM
		{5822A551-BDCC-4BAE-8E32-AFE08EADE65F}.Debug|ARM.Deploy.0 = Debug|ARM
		{5822A551-BDCC-4BAE-8E32-AFE08EADE65F}.Debug|ARM64.ActiveCfg = Debug|ARM64
		{5822A551-BDCC-4BAE-8E32-AFE08EADE65F}.Debug|ARM64.Build.0 = Debug|ARM64
		{5822A551-BDCC-4BAE-8E32-AFE08EADE65F}.Debug|ARM64.Deploy.0 = Debug|ARM64
		{5822A551-BDCC-4BAE-8E32-AFE08EADE65F}.Debug|x64.ActiveCfg = Debug|ARM
		{5822A551-BDCC-4BAE-8E32-AFE08EADE65F}.Debug|x86.ActiveCfg = Debug|ARM
		{5822A551-BDCC-4BAE-8E32-AFE08EADE65F}.Release|ARM.ActiveCfg = Release|ARM
		{5822A551-BDCC-4BAE-8E32-AFE08EADE65F}.Release|ARM.Build.0 = Release|ARM
		{5822A551-BDCC-4BAE-8E32-AFE08EADE65F}.Release|ARM.Deploy.0 = Release|ARM
		{5822A551-BDCC-4BAE-8E32-AFE08EADE65F}.Release|ARM64.ActiveCfg = Release|ARM64
		{5822A551-BDCC-4BAE-8E32-AFE08EADE65F}.Release|ARM64.Build.0 = Release|ARM64
		{5822A551-BDCC-4BAE-8E32-AFE08EADE65F}.Release|ARM64.Deploy.0 = Release|ARM64
		{5822A551-BDCC-4BAE-8E32-AFE08EADE65F}.Release|x64.ActiveCfg = Release|ARM
		{5822A551-BDCC-4BAE-8E32-AFE08EADE65F}.Release|x86.ActiveCfg = Release|ARM
		{AB6FBEF3-27FF-4375-A839-BED75DDC0009}.Debug|ARM.ActiveCfg = Debug|ARM
		{AB6FBEF3-27FF-4375-A839-BED75DDC0009}.Debug|ARM.Build.0 = Debug|ARM
		{AB6FBEF3-27FF-4375-A839-BED75DDC0009}.Debug|ARM.Deploy.0 = Debug|ARM
		{AB6FBEF3-27FF-4375-A839-BED75DDC0009}.Debug|ARM64.ActiveCfg = Debug|ARM64
		{AB6FBEF3-27FF-4375-A839-BED75DDC0009}.Debug|ARM64.Build.0 = Debug|ARM64
		{AB6FBEF3-27FF-4375-A839-BED75DDC0009}.Debug|ARM64.Deploy.0 = Debug|ARM64
		{AB6FBEF3-27FF-4375-A839-BED75DDC0009}.Debug|x64.ActiveCfg = Debug|x64
		{AB6FBEF3-27FF-4375-A839-BED75DDC0009}.Debug|x64.Build.0 = Debug|x64
		{AB6FBEF3-27FF-4375-A839-BED75DDC0009}.Debug|x64.Deploy.0 = Debug|x64
		{AB6FBEF3-27FF-4375-A839-BED75DDC0009}.Debug|x86.ActiveCfg = Debug|x86
		{AB6FBEF3-27FF-4375-A839-BED75DDC0009}.Debug|x86.Build.0 = Debug|x86
		{AB6FBEF3-27FF-4375-A839-BED75DDC0009}.Debug|x86.Deploy.0 = Debug|x86
		{AB6FBEF3-27FF-4375-A839-BED75DDC0009}.Release|ARM.ActiveCfg = Release|ARM
		{AB6FBEF3-27FF-4375-A839-BED75DDC0009}.Release|ARM.Build.0 = Release|ARM
		{AB6FBEF3-27FF-4375-A839-BED75DDC0009}.Release|ARM.Deploy.0 = Release|ARM
		{AB6FBEF3-27FF-4375-A839-BED75DDC0009}.Release|ARM64.ActiveCfg = Release|ARM64
		{AB6FBEF3-27FF-4375-A839-BED75DDC0009}.Release|ARM64.Build.0 = Release|ARM64
		{AB6FBEF3-27FF-4375-A839-BED75DDC0009}.Release|ARM64.Deploy.0 = Release|ARM64
		{AB6FBEF3-27FF-4375-A839-BED75DDC0009}.Release|x64.ActiveCfg = Release|x64
		{AB6FBEF3-27FF-4375-A839-BED75DDC0009}.Release|x64.Build.0 = Release|x64
		{AB6FBEF3-27FF-4375-A839-BED75DDC0009}.Release|x64.Deploy.0 = Release|x64
		{AB6FBEF3-27FF-4375-A839-BED75DDC0009}.Release|x86.ActiveCfg = Release|x86
		{AB6FBEF3-27FF-4375-A839-BED75DDC0009}.Release|x86.Build.0 = Release|x86
		{AB6FBEF3-27FF-4375-A839-BED75DDC0009}.Release|x86.Deploy.0 = Release|x86
	EndGlobalSection
	GlobalSection(SolutionProperties) = preSolution
		HideSolutionNode = FALSE
	EndGlobalSection
	GlobalSection(ExtensibilityGlobals) = postSolution
		SolutionGuid = {7157E34F-F927-4B32-80CD-E7BFE72DDA49}
	EndGlobalSection
EndGlobal
