
Microsoft Visual Studio Solution File, Format Version 12.00
# Visual Studio Version 16
VisualStudioVersion = 16.0.29403.142
MinimumVisualStudioVersion = 10.0.40219.1
Project("{8BC9CEB8-8B4A-11D0-8D11-00A0C91BC942}") = "OpenCV_Test", "OpenCV_Test\OpenCV_Test.vcxproj", "{6AC20FCD-BFCE-474E-AB65-B62D87019B8A}"
EndProject
Global
	GlobalSection(SolutionConfigurationPlatforms) = preSolution
		Debug|x64 = Debug|x64
		Debug|x86 = Debug|x86
		Release|x64 = Release|x64
		Release|x86 = Release|x86
	EndGlobalSection
	GlobalSection(ProjectConfigurationPlatforms) = postSolution
		{6AC20FCD-BFCE-474E-AB65-B62D87019B8A}.Debug|x64.ActiveCfg = Debug|x64
		{6AC20FCD-BFCE-474E-AB65-B62D87019B8A}.Debug|x64.Build.0 = Debug|x64
		{6AC20FCD-BFCE-474E-AB65-B62D87019B8A}.Debug|x86.ActiveCfg = Debug|Win32
		{6AC20FCD-BFCE-474E-AB65-B62D87019B8A}.Debug|x86.Build.0 = Debug|Win32
		{6AC20FCD-BFCE-474E-AB65-B62D87019B8A}.Release|x64.ActiveCfg = Release|x64
		{6AC20FCD-BFCE-474E-AB65-B62D87019B8A}.Release|x64.Build.0 = Release|x64
		{6AC20FCD-BFCE-474E-AB65-B62D87019B8A}.Release|x86.ActiveCfg = Release|Win32
		{6AC20FCD-BFCE-474E-AB65-B62D87019B8A}.Release|x86.Build.0 = Release|Win32
	EndGlobalSection
	GlobalSection(SolutionProperties) = preSolution
		HideSolutionNode = FALSE
	EndGlobalSection
	GlobalSection(ExtensibilityGlobals) = postSolution
		SolutionGuid = {1810E121-C3C8-4279-A876-B6E14E402F42}
	EndGlobalSection
EndGlobal
